PODS:
  - FBSnapshotTestCase (2.1.2):
    - FBSnapshotTestCase/SwiftSupport (= 2.1.2)
  - FBSnapshotTestCase/Core (2.1.2)
  - FBSnapshotTestCase/SwiftSupport (2.1.2):
    - FBSnapshotTestCase/Core
  - Nimble (4.1.0)
  - Nimble-Snapshots (4.1.0):
    - FBSnapshotTestCase (~> 2.0)
    - Nimble
    - Quick
  - Quick (0.8.0)
  - SwiftDefaults (0.1.3)

DEPENDENCIES:
  - FBSnapshotTestCase
  - Nimble
  - Nimble-Snapshots
  - Quick (~> 0.8.0)
  - SwiftDefaults (from `../`)

EXTERNAL SOURCES:
  SwiftDefaults:
    :path: "../"

SPEC CHECKSUMS:
  FBSnapshotTestCase: 918c55861356ee83aee7843d759f55a18ff6982b
  Nimble: 97a0a4cae5124c117115634b2d055d8c97d0af19
  Nimble-Snapshots: 2da4d2ec829b458d6886c06812c52493fce284c9
  Quick: 563d0f6ec5f72e394645adb377708639b7dd38ab
  SwiftDefaults: 55394618d1945c3a2b93e500f23b4e6bf5f75019

PODFILE CHECKSUM: 6150a6374f5d5200c8de5518d0f2e5bd103d3834

COCOAPODS: 1.0.1
